
Microsoft Visual Studio Solution File, Format Version 12.00
# Visual Studio Version 17
VisualStudioVersion = 17.4.33122.133
MinimumVisualStudioVersion = 10.0.40219.1
Project("{FAE04EC0-301F-11D3-BF4B-00C04F79EFBC}") = "535 Assignment", "535 Assignment\535 Assignment.csproj", "{07A7843D-B41E-460E-B13D-B34684C5C24E}"
EndProject
Global
	GlobalSection(SolutionConfigurationPlatforms) = preSolution
		Debug|Any CPU = Debug|Any CPU
		Release|Any CPU = Release|Any CPU
	EndGlobalSection
	GlobalSection(ProjectConfigurationPlatforms) = postSolution
		{07A7843D-B41E-460E-B13D-B34684C5C24E}.Debug|Any CPU.ActiveCfg = Debug|Any CPU
		{07A7843D-B41E-460E-B13D-B34684C5C24E}.Debug|Any CPU.Build.0 = Debug|Any CPU
		{07A7843D-B41E-460E-B13D-B34684C5C24E}.Release|Any CPU.ActiveCfg = Release|Any CPU
		{07A7843D-B41E-460E-B13D-B34684C5C24E}.Release|Any CPU.Build.0 = Release|Any CPU
	EndGlobalSection
	GlobalSection(SolutionProperties) = preSolution
		HideSolutionNode = FALSE
	EndGlobalSection
	GlobalSection(ExtensibilityGlobals) = postSolution
		SolutionGuid = {B95DE6AE-A704-45F8-8BC4-B1F9FF8A23A6}
	EndGlobalSection
EndGlobal
